// !$*UTF8*$!
{
	archiveVersion = 1;
	classes = {
	};
	objectVersion = 46;
	objects = {

/* Begin PBXAggregateTarget section */
		26F7C267585943628178C700 /* ALL_BUILD */ = {
			isa = PBXAggregateTarget;
			buildConfigurationList = BAC8902A965B4B8B8F1B6BA3 /* Build configuration list for PBXAggregateTarget "ALL_BUILD" */;
			buildPhases = (
				344AE0780A30937AC8BA6605 /* Generate CMakeFiles/ALL_BUILD */,
			);
			dependencies = (
				5A20A4EBBB10481F830255F5 /* PBXTargetDependency */,
				6B84F10C263D46AC84A1F056 /* PBXTargetDependency */,
			);
			name = ALL_BUILD;
			productName = ALL_BUILD;
		};
		86D204941FD54EFC9A43062D /* ZERO_CHECK */ = {
			isa = PBXAggregateTarget;
			buildConfigurationList = 66690404037D425EB56686C9 /* Build configuration list for PBXAggregateTarget "ZERO_CHECK" */;
			buildPhases = (
				57A2232448598474653B84E4 /* Generate CMakeFiles/ZERO_CHECK */,
			);
			dependencies = (
			);
			name = ZERO_CHECK;
			productName = ZERO_CHECK;
		};
/* End PBXAggregateTarget section */

/* Begin PBXBuildFile section */
		99463CFB25114D58AF94AD4B /* /Users/laurazhang/myLocalGithubRepo/Day18/src/helloSFML.cpp */ = {isa = PBXBuildFile; fileRef = 6D3DCBE93D214DCEB59596AC /* /Users/laurazhang/myLocalGithubRepo/Day18/src/helloSFML.cpp */; };
		EF4559B8D3374F16A146998A /* /Users/laurazhang/myLocalGithubRepo/Day18/CMakeLists.txt */ = {isa = PBXBuildFile; fileRef = 89B075B1F0B6475E80CC085B /* /Users/laurazhang/myLocalGithubRepo/Day18/CMakeLists.txt */; };
/* End PBXBuildFile section */

/* Begin PBXBuildStyle section */
		0EE2EB96EF6C486EB078D794 /* MinSizeRel */ = {
			isa = PBXBuildStyle;
			buildSettings = {
				COPY_PHASE_STRIP = NO;
			};
			name = MinSizeRel;
		};
		431864DF77D94A3B90233DF6 /* Release */ = {
			isa = PBXBuildStyle;
			buildSettings = {
				COPY_PHASE_STRIP = NO;
			};
			name = Release;
		};
		6B5EAA80F4714B6BB632C6E9 /* Debug */ = {
			isa = PBXBuildStyle;
			buildSettings = {
				COPY_PHASE_STRIP = NO;
			};
			name = Debug;
		};
		BEB274672B8E4C6BACC8A5C5 /* RelWithDebInfo */ = {
			isa = PBXBuildStyle;
			buildSettings = {
				COPY_PHASE_STRIP = NO;
			};
			name = RelWithDebInfo;
		};
/* End PBXBuildStyle section */

/* Begin PBXContainerItemProxy section */
		01B0265A1C99438E96C39527 /* PBXContainerItemProxy */ = {
			isa = PBXContainerItemProxy;
			containerPortal = DE79FA16399546C68F380691 /* Project object */;
			proxyType = 1;
			remoteGlobalIDString = 86D204941FD54EFC9A43062D;
			remoteInfo = ZERO_CHECK;
		};
		33F8E7DB9840494D88A1944A /* PBXContainerItemProxy */ = {
			isa = PBXContainerItemProxy;
			containerPortal = DE79FA16399546C68F380691 /* Project object */;
			proxyType = 1;
			remoteGlobalIDString = 6C48273652B4400D92864723;
			remoteInfo = testSFML;
		};
		D9496E6B96BB4632B0C3A8BD /* PBXContainerItemProxy */ = {
			isa = PBXContainerItemProxy;
			containerPortal = DE79FA16399546C68F380691 /* Project object */;
			proxyType = 1;
			remoteGlobalIDString = 86D204941FD54EFC9A43062D;
			remoteInfo = ZERO_CHECK;
		};
/* End PBXContainerItemProxy section */

/* Begin PBXFileReference section */
		6A12E69D712A422CB01C7CB6 /* /Users/laurazhang/myLocalGithubRepo/Day18/CMakeLists.txt */ = {isa = PBXFileReference; explicitFileType = sourcecode.text; fileEncoding = 4; name = CMakeLists.txt; path = CMakeLists.txt; sourceTree = SOURCE_ROOT; };
		6D3DCBE93D214DCEB59596AC /* /Users/laurazhang/myLocalGithubRepo/Day18/src/helloSFML.cpp */ = {isa = PBXFileReference; explicitFileType = sourcecode.cpp.cpp; fileEncoding = 4; name = helloSFML.cpp; path = src/helloSFML.cpp; sourceTree = SOURCE_ROOT; };
		89B075B1F0B6475E80CC085B /* /Users/laurazhang/myLocalGithubRepo/Day18/CMakeLists.txt */ = {isa = PBXFileReference; explicitFileType = sourcecode.text; fileEncoding = 4; name = CMakeLists.txt; path = CMakeLists.txt; sourceTree = SOURCE_ROOT; };
		F3B870784C6A4C34ABC39A47 /* testSFML */ = {isa = PBXFileReference; explicitFileType = "compiled.mach-o.executable"; path = testSFML; sourceTree = BUILT_PRODUCTS_DIR; };
/* End PBXFileReference section */

/* Begin PBXFrameworksBuildPhase section */
		D3DA934ADD29469484C29E3F /* Frameworks */ = {
			isa = PBXFrameworksBuildPhase;
			buildActionMask = 2147483647;
			files = (
			);
			runOnlyForDeploymentPostprocessing = 0;
		};
/* End PBXFrameworksBuildPhase section */

/* Begin PBXGroup section */
		2E0C17C3648F44EBB13CA119 = {
			isa = PBXGroup;
			children = (
				DA47B335C6994EF1B9AE1F0B /* testSFML */,
				42F83BFE127148D5965DE18F /* ALL_BUILD */,
				F78749C928254D7DBD55EDBE /* Products */,
				928EB03091E84FEB9BB7F0CC /* Frameworks */,
			);
			sourceTree = "<group>";
		};
		42F83BFE127148D5965DE18F /* ALL_BUILD */ = {
			isa = PBXGroup;
			children = (
				5FB33DC3A5164BAA8E80E3B4 /* CMake Rules */,
				6A12E69D712A422CB01C7CB6 /* /Users/laurazhang/myLocalGithubRepo/Day18/CMakeLists.txt */,
			);
			name = ALL_BUILD;
			sourceTree = "<group>";
		};
		5FB33DC3A5164BAA8E80E3B4 /* CMake Rules */ = {
			isa = PBXGroup;
			children = (
			);
			name = "CMake Rules";
			sourceTree = "<group>";
		};
		928EB03091E84FEB9BB7F0CC /* Frameworks */ = {
			isa = PBXGroup;
			children = (
			);
			name = Frameworks;
			sourceTree = "<group>";
		};
		DA47B335C6994EF1B9AE1F0B /* testSFML */ = {
			isa = PBXGroup;
			children = (
				F0D4037D507441EE98874C86 /* Source Files */,
				89B075B1F0B6475E80CC085B /* /Users/laurazhang/myLocalGithubRepo/Day18/CMakeLists.txt */,
			);
			name = testSFML;
			sourceTree = "<group>";
		};
		F0D4037D507441EE98874C86 /* Source Files */ = {
			isa = PBXGroup;
			children = (
				6D3DCBE93D214DCEB59596AC /* /Users/laurazhang/myLocalGithubRepo/Day18/src/helloSFML.cpp */,
			);
			name = "Source Files";
			sourceTree = "<group>";
		};
		F78749C928254D7DBD55EDBE /* Products */ = {
			isa = PBXGroup;
			children = (
				F3B870784C6A4C34ABC39A47 /* testSFML */,
			);
			name = Products;
			sourceTree = "<group>";
		};
/* End PBXGroup section */

/* Begin PBXNativeTarget section */
		6C48273652B4400D92864723 /* testSFML */ = {
			isa = PBXNativeTarget;
			buildConfigurationList = BD7514E329E54616999D193E /* Build configuration list for PBXNativeTarget "testSFML" */;
			buildPhases = (
				76B79CB1B3E049FD8124BC05 /* Sources */,
				D3DA934ADD29469484C29E3F /* Frameworks */,
			);
			buildRules = (
			);
			dependencies = (
				1944438D40BC4F20A3C16D25 /* PBXTargetDependency */,
			);
			name = testSFML;
			productName = testSFML;
			productReference = F3B870784C6A4C34ABC39A47 /* testSFML */;
			productType = "com.apple.product-type.tool";
		};
/* End PBXNativeTarget section */

/* Begin PBXProject section */
		DE79FA16399546C68F380691 /* Project object */ = {
			isa = PBXProject;
			attributes = {
				BuildIndependentTargetsInParallel = YES;
				LastUpgradeCheck = 1340;
			};
			buildConfigurationList = 115F2E2D38104DE399DAED84 /* Build configuration list for PBXProject "testSFML" */;
			buildSettings = {
			};
			buildStyles = (
				6B5EAA80F4714B6BB632C6E9 /* Debug */,
				431864DF77D94A3B90233DF6 /* Release */,
				0EE2EB96EF6C486EB078D794 /* MinSizeRel */,
				BEB274672B8E4C6BACC8A5C5 /* RelWithDebInfo */,
			);
			compatibilityVersion = "Xcode 3.2";
			hasScannedForEncodings = 0;
			mainGroup = 2E0C17C3648F44EBB13CA119;
			projectDirPath = /Users/laurazhang/myLocalGithubRepo/Day18;
			projectRoot = "";
			targets = (
				26F7C267585943628178C700 /* ALL_BUILD */,
				86D204941FD54EFC9A43062D /* ZERO_CHECK */,
				6C48273652B4400D92864723 /* testSFML */,
			);
		};
/* End PBXProject section */

/* Begin PBXShellScriptBuildPhase section */
		344AE0780A30937AC8BA6605 /* Generate CMakeFiles/ALL_BUILD */ = {
			isa = PBXShellScriptBuildPhase;
			alwaysOutOfDate = 1;
			buildActionMask = 2147483647;
			files = (
			);
			inputPaths = (
			);
			name = "Generate CMakeFiles/ALL_BUILD";
			outputPaths = (
/Users/laurazhang/myLocalGithubRepo/Day18/xcode/CMakeFiles/ALL_BUILD			);
			runOnlyForDeploymentPostprocessing = 0;
			shellPath = /bin/sh;
			shellScript = "set -e
if test \"$CONFIGURATION\" = \"Debug\"; then :
  cd /Users/laurazhang/myLocalGithubRepo/Day18/xcode
  echo Build\\ all\\ projects
fi
if test \"$CONFIGURATION\" = \"Release\"; then :
  cd /Users/laurazhang/myLocalGithubRepo/Day18/xcode
  echo Build\\ all\\ projects
fi
if test \"$CONFIGURATION\" = \"MinSizeRel\"; then :
  cd /Users/laurazhang/myLocalGithubRepo/Day18/xcode
  echo Build\\ all\\ projects
fi
if test \"$CONFIGURATION\" = \"RelWithDebInfo\"; then :
  cd /Users/laurazhang/myLocalGithubRepo/Day18/xcode
  echo Build\\ all\\ projects
fi
";
			showEnvVarsInLog = 0;
		};
		3C0110FC8322DE7E50886E21 = {
			isa = PBXShellScriptBuildPhase;
			buildActionMask = 2147483647;
			files = (
			);
			inputPaths = (
			);
			outputPaths = (
			);
			runOnlyForDeploymentPostprocessing = 0;
			shellPath = /bin/sh;
			shellScript = "# shell script goes here
exit 0";
			showEnvVarsInLog = 0;
		};
		57A2232448598474653B84E4 /* Generate CMakeFiles/ZERO_CHECK */ = {
			isa = PBXShellScriptBuildPhase;
			alwaysOutOfDate = 1;
			buildActionMask = 2147483647;
			files = (
			);
			inputPaths = (
			);
			name = "Generate CMakeFiles/ZERO_CHECK";
			outputPaths = (
/Users/laurazhang/myLocalGithubRepo/Day18/xcode/CMakeFiles/ZERO_CHECK			);
			runOnlyForDeploymentPostprocessing = 0;
			shellPath = /bin/sh;
			shellScript = "set -e
if test \"$CONFIGURATION\" = \"Debug\"; then :
  cd /Users/laurazhang/myLocalGithubRepo/Day18/xcode
  make -f /Users/laurazhang/myLocalGithubRepo/Day18/xcode/CMakeScripts/ReRunCMake.make
fi
if test \"$CONFIGURATION\" = \"Release\"; then :
  cd /Users/laurazhang/myLocalGithubRepo/Day18/xcode
  make -f /Users/laurazhang/myLocalGithubRepo/Day18/xcode/CMakeScripts/ReRunCMake.make
fi
if test \"$CONFIGURATION\" = \"MinSizeRel\"; then :
  cd /Users/laurazhang/myLocalGithubRepo/Day18/xcode
  make -f /Users/laurazhang/myLocalGithubRepo/Day18/xcode/CMakeScripts/ReRunCMake.make
fi
if test \"$CONFIGURATION\" = \"RelWithDebInfo\"; then :
  cd /Users/laurazhang/myLocalGithubRepo/Day18/xcode
  make -f /Users/laurazhang/myLocalGithubRepo/Day18/xcode/CMakeScripts/ReRunCMake.make
fi
";
			showEnvVarsInLog = 0;
		};
		9B50530E35CC49C82C2FACCF = {
			isa = PBXShellScriptBuildPhase;
			buildActionMask = 2147483647;
			files = (
			);
			inputPaths = (
			);
			outputPaths = (
			);
			runOnlyForDeploymentPostprocessing = 0;
			shellPath = /bin/sh;
			shellScript = "# shell script goes here
exit 0";
			showEnvVarsInLog = 0;
		};
/* End PBXShellScriptBuildPhase section */

/* Begin PBXSourcesBuildPhase section */
		76B79CB1B3E049FD8124BC05 /* Sources */ = {
			isa = PBXSourcesBuildPhase;
			buildActionMask = 2147483647;
			files = (
				99463CFB25114D58AF94AD4B /* /Users/laurazhang/myLocalGithubRepo/Day18/src/helloSFML.cpp */,
			);
			runOnlyForDeploymentPostprocessing = 0;
		};
/* End PBXSourcesBuildPhase section */

/* Begin PBXTargetDependency section */
		1944438D40BC4F20A3C16D25 /* PBXTargetDependency */ = {
			isa = PBXTargetDependency;
			target = 86D204941FD54EFC9A43062D /* ZERO_CHECK */;
			targetProxy = D9496E6B96BB4632B0C3A8BD /* PBXContainerItemProxy */;
		};
		5A20A4EBBB10481F830255F5 /* PBXTargetDependency */ = {
			isa = PBXTargetDependency;
			target = 6C48273652B4400D92864723 /* testSFML */;
			targetProxy = 33F8E7DB9840494D88A1944A /* PBXContainerItemProxy */;
		};
		6B84F10C263D46AC84A1F056 /* PBXTargetDependency */ = {
			isa = PBXTargetDependency;
			target = 86D204941FD54EFC9A43062D /* ZERO_CHECK */;
			targetProxy = 01B0265A1C99438E96C39527 /* PBXContainerItemProxy */;
		};
/* End PBXTargetDependency section */

/* Begin XCBuildConfiguration section */
		0A664101AADE45D1867F53E2 /* Debug */ = {
			isa = XCBuildConfiguration;
			buildSettings = {
				ARCHS = arm64;
				COMBINE_HIDPI_IMAGES = YES;
				GCC_GENERATE_DEBUGGING_SYMBOLS = YES;
				GCC_INLINES_ARE_PRIVATE_EXTERN = NO;
				GCC_OPTIMIZATION_LEVEL = 0;
				GCC_PREPROCESSOR_DEFINITIONS = ("'CMAKE_INTDIR=\"$(CONFIGURATION)$(EFFECTIVE_PLATFORM_NAME)\"'","$(inherited)");
				GCC_SYMBOLS_PRIVATE_EXTERN = NO;
				INSTALL_PATH = "";
				ONLY_ACTIVE_ARCH = NO;
				OTHER_LDFLAGS = ("","$(inherited)");
				OTHER_REZFLAGS = "";
				PRODUCT_NAME = ZERO_CHECK;
				SECTORDER_FLAGS = "";
				SYMROOT = /Users/laurazhang/myLocalGithubRepo/Day18/xcode;
				USE_HEADERMAP = NO;
				WARNING_CFLAGS = ("$(inherited)");
			};
			name = Debug;
		};
		1A55B6D1DC12459A9AF1209C /* Release */ = {
			isa = XCBuildConfiguration;
			buildSettings = {
				ARCHS = arm64;
				COMBINE_HIDPI_IMAGES = YES;
				GCC_GENERATE_DEBUGGING_SYMBOLS = YES;
				GCC_INLINES_ARE_PRIVATE_EXTERN = NO;
				GCC_OPTIMIZATION_LEVEL = 0;
				GCC_PREPROCESSOR_DEFINITIONS = ("'CMAKE_INTDIR=\"$(CONFIGURATION)$(EFFECTIVE_PLATFORM_NAME)\"'","$(inherited)");
				GCC_SYMBOLS_PRIVATE_EXTERN = NO;
				INSTALL_PATH = "";
				ONLY_ACTIVE_ARCH = NO;
				OTHER_LDFLAGS = ("","$(inherited)");
				OTHER_REZFLAGS = "";
				PRODUCT_NAME = ZERO_CHECK;
				SECTORDER_FLAGS = "";
				SYMROOT = /Users/laurazhang/myLocalGithubRepo/Day18/xcode;
				USE_HEADERMAP = NO;
				WARNING_CFLAGS = ("$(inherited)");
			};
			name = Release;
		};
		25567F6C4D9641EB8477DAEB /* RelWithDebInfo */ = {
			isa = XCBuildConfiguration;
			buildSettings = {
				ARCHS = arm64;
				COMBINE_HIDPI_IMAGES = YES;
				GCC_GENERATE_DEBUGGING_SYMBOLS = YES;
				GCC_INLINES_ARE_PRIVATE_EXTERN = NO;
				GCC_OPTIMIZATION_LEVEL = 0;
				GCC_PREPROCESSOR_DEFINITIONS = ("'CMAKE_INTDIR=\"$(CONFIGURATION)$(EFFECTIVE_PLATFORM_NAME)\"'","$(inherited)");
				GCC_SYMBOLS_PRIVATE_EXTERN = NO;
				INSTALL_PATH = "";
				ONLY_ACTIVE_ARCH = NO;
				OTHER_LDFLAGS = ("","$(inherited)");
				OTHER_REZFLAGS = "";
				PRODUCT_NAME = ALL_BUILD;
				SECTORDER_FLAGS = "";
				SYMROOT = /Users/laurazhang/myLocalGithubRepo/Day18/xcode;
				USE_HEADERMAP = NO;
				WARNING_CFLAGS = ("$(inherited)");
			};
			name = RelWithDebInfo;
		};
		348E642C09FA4F37A9C108BD /* MinSizeRel */ = {
			isa = XCBuildConfiguration;
			buildSettings = {
				ARCHS = arm64;
				COMBINE_HIDPI_IMAGES = YES;
				EXECUTABLE_PREFIX = "";
				EXECUTABLE_SUFFIX = "";
				GCC_GENERATE_DEBUGGING_SYMBOLS = NO;
				GCC_INLINES_ARE_PRIVATE_EXTERN = NO;
				GCC_OPTIMIZATION_LEVEL = s;
				GCC_PREPROCESSOR_DEFINITIONS = ("'CMAKE_INTDIR=\"$(CONFIGURATION)$(EFFECTIVE_PLATFORM_NAME)\"'","$(inherited)");
				GCC_SYMBOLS_PRIVATE_EXTERN = NO;
				INSTALL_PATH = "";
				LD_RUNPATH_SEARCH_PATHS = (/opt/homebrew/lib,"$(inherited)");
				ONLY_ACTIVE_ARCH = NO;
				OTHER_CPLUSPLUSFLAGS = "    -DNDEBUG '-std=c++17' ";
				OTHER_LDFLAGS = (" -Wl,-search_paths_first -Wl,-headerpad_max_install_names","/opt/homebrew/lib/libsfml-graphics.2.5.1.dylib","/opt/homebrew/lib/libsfml-window.2.5.1.dylib","/opt/homebrew/lib/libsfml-system.2.5.1.dylib","$(inherited)");
				OTHER_REZFLAGS = "";
				PRODUCT_NAME = testSFML;
				SECTORDER_FLAGS = "";
				SYMROOT = /Users/laurazhang/myLocalGithubRepo/Day18/xcode;
				SYSTEM_HEADER_SEARCH_PATHS = (/opt/homebrew/include,"$(inherited)");
				USE_HEADERMAP = NO;
				WARNING_CFLAGS = ("$(inherited)");
			};
			name = MinSizeRel;
		};
		379C59616C6D49EAB7DC5E85 /* RelWithDebInfo */ = {
			isa = XCBuildConfiguration;
			buildSettings = {
				ARCHS = arm64;
				COMBINE_HIDPI_IMAGES = YES;
				EXECUTABLE_PREFIX = "";
				EXECUTABLE_SUFFIX = "";
				GCC_GENERATE_DEBUGGING_SYMBOLS = YES;
				GCC_INLINES_ARE_PRIVATE_EXTERN = NO;
				GCC_OPTIMIZATION_LEVEL = 2;
				GCC_PREPROCESSOR_DEFINITIONS = ("'CMAKE_INTDIR=\"$(CONFIGURATION)$(EFFECTIVE_PLATFORM_NAME)\"'","$(inherited)");
				GCC_SYMBOLS_PRIVATE_EXTERN = NO;
				INSTALL_PATH = "";
				LD_RUNPATH_SEARCH_PATHS = (/opt/homebrew/lib,"$(inherited)");
				ONLY_ACTIVE_ARCH = NO;
				OTHER_CPLUSPLUSFLAGS = "       -DNDEBUG '-std=c++17' ";
				OTHER_LDFLAGS = (" -Wl,-search_paths_first -Wl,-headerpad_max_install_names","/opt/homebrew/lib/libsfml-graphics.2.5.1.dylib","/opt/homebrew/lib/libsfml-window.2.5.1.dylib","/opt/homebrew/lib/libsfml-system.2.5.1.dylib","$(inherited)");
				OTHER_REZFLAGS = "";
				PRODUCT_NAME = testSFML;
				SECTORDER_FLAGS = "";
				SYMROOT = /Users/laurazhang/myLocalGithubRepo/Day18/xcode;
				SYSTEM_HEADER_SEARCH_PATHS = (/opt/homebrew/include,"$(inherited)");
				USE_HEADERMAP = NO;
				WARNING_CFLAGS = ("$(inherited)");
			};
			name = RelWithDebInfo;
		};
		3F9C9700AC984656B0C7A8C1 /* Release */ = {
			isa = XCBuildConfiguration;
			buildSettings = {
				ARCHS = arm64;
				COMBINE_HIDPI_IMAGES = YES;
				EXECUTABLE_PREFIX = "";
				EXECUTABLE_SUFFIX = "";
				GCC_GENERATE_DEBUGGING_SYMBOLS = NO;
				GCC_INLINES_ARE_PRIVATE_EXTERN = NO;
				GCC_OPTIMIZATION_LEVEL = 3;
				GCC_PREPROCESSOR_DEFINITIONS = ("'CMAKE_INTDIR=\"$(CONFIGURATION)$(EFFECTIVE_PLATFORM_NAME)\"'","$(inherited)");
				GCC_SYMBOLS_PRIVATE_EXTERN = NO;
				INSTALL_PATH = "";
				LD_RUNPATH_SEARCH_PATHS = (/opt/homebrew/lib,"$(inherited)");
				ONLY_ACTIVE_ARCH = NO;
				OTHER_CPLUSPLUSFLAGS = "    -DNDEBUG '-std=c++17' ";
				OTHER_LDFLAGS = (" -Wl,-search_paths_first -Wl,-headerpad_max_install_names","/opt/homebrew/lib/libsfml-graphics.2.5.1.dylib","/opt/homebrew/lib/libsfml-window.2.5.1.dylib","/opt/homebrew/lib/libsfml-system.2.5.1.dylib","$(inherited)");
				OTHER_REZFLAGS = "";
				PRODUCT_NAME = testSFML;
				SECTORDER_FLAGS = "";
				SYMROOT = /Users/laurazhang/myLocalGithubRepo/Day18/xcode;
				SYSTEM_HEADER_SEARCH_PATHS = (/opt/homebrew/include,"$(inherited)");
				USE_HEADERMAP = NO;
				WARNING_CFLAGS = ("$(inherited)");
			};
			name = Release;
		};
		4E83716A86C74021A3F7CC44 /* MinSizeRel */ = {
			isa = XCBuildConfiguration;
			buildSettings = {
				ARCHS = arm64;
				SDKROOT = /Applications/Xcode.app/Contents/Developer/Platforms/MacOSX.platform/Developer/SDKs/MacOSX12.3.sdk;
				SYMROOT = /Users/laurazhang/myLocalGithubRepo/Day18/xcode/build;
			};
			name = MinSizeRel;
		};
		5DB3CC91BC6F44E083720DE8 /* Debug */ = {
			isa = XCBuildConfiguration;
			buildSettings = {
				ARCHS = arm64;
				COMBINE_HIDPI_IMAGES = YES;
				EXECUTABLE_PREFIX = "";
				EXECUTABLE_SUFFIX = "";
				GCC_GENERATE_DEBUGGING_SYMBOLS = YES;
				GCC_INLINES_ARE_PRIVATE_EXTERN = NO;
				GCC_OPTIMIZATION_LEVEL = 0;
				GCC_PREPROCESSOR_DEFINITIONS = ("'CMAKE_INTDIR=\"$(CONFIGURATION)$(EFFECTIVE_PLATFORM_NAME)\"'","$(inherited)");
				GCC_SYMBOLS_PRIVATE_EXTERN = NO;
				INSTALL_PATH = "";
				LD_RUNPATH_SEARCH_PATHS = (/opt/homebrew/lib,"$(inherited)");
				ONLY_ACTIVE_ARCH = NO;
				OTHER_CPLUSPLUSFLAGS = "   '-std=c++17' ";
				OTHER_LDFLAGS = (" -Wl,-search_paths_first -Wl,-headerpad_max_install_names","/opt/homebrew/lib/libsfml-graphics.2.5.1.dylib","/opt/homebrew/lib/libsfml-window.2.5.1.dylib","/opt/homebrew/lib/libsfml-system.2.5.1.dylib","$(inherited)");
				OTHER_REZFLAGS = "";
				PRODUCT_NAME = testSFML;
				SECTORDER_FLAGS = "";
				SYMROOT = /Users/laurazhang/myLocalGithubRepo/Day18/xcode;
				SYSTEM_HEADER_SEARCH_PATHS = (/opt/homebrew/include,"$(inherited)");
				USE_HEADERMAP = NO;
				WARNING_CFLAGS = ("$(inherited)");
			};
			name = Debug;
		};
		6520438FCFE645A9976423E1 /* RelWithDebInfo */ = {
			isa = XCBuildConfiguration;
			buildSettings = {
				ARCHS = arm64;
				SDKROOT = /Applications/Xcode.app/Contents/Developer/Platforms/MacOSX.platform/Developer/SDKs/MacOSX12.3.sdk;
				SYMROOT = /Users/laurazhang/myLocalGithubRepo/Day18/xcode/build;
			};
			name = RelWithDebInfo;
		};
		76E3DE323E65408789F9099F /* Release */ = {
			isa = XCBuildConfiguration;
			buildSettings = {
				ARCHS = arm64;
				SDKROOT = /Applications/Xcode.app/Contents/Developer/Platforms/MacOSX.platform/Developer/SDKs/MacOSX12.3.sdk;
				SYMROOT = /Users/laurazhang/myLocalGithubRepo/Day18/xcode/build;
			};
			name = Release;
		};
		83DD79BFC7414E96B4F94366 /* RelWithDebInfo */ = {
			isa = XCBuildConfiguration;
			buildSettings = {
				ARCHS = arm64;
				COMBINE_HIDPI_IMAGES = YES;
				GCC_GENERATE_DEBUGGING_SYMBOLS = YES;
				GCC_INLINES_ARE_PRIVATE_EXTERN = NO;
				GCC_OPTIMIZATION_LEVEL = 0;
				GCC_PREPROCESSOR_DEFINITIONS = ("'CMAKE_INTDIR=\"$(CONFIGURATION)$(EFFECTIVE_PLATFORM_NAME)\"'","$(inherited)");
				GCC_SYMBOLS_PRIVATE_EXTERN = NO;
				INSTALL_PATH = "";
				ONLY_ACTIVE_ARCH = NO;
				OTHER_LDFLAGS = ("","$(inherited)");
				OTHER_REZFLAGS = "";
				PRODUCT_NAME = ZERO_CHECK;
				SECTORDER_FLAGS = "";
				SYMROOT = /Users/laurazhang/myLocalGithubRepo/Day18/xcode;
				USE_HEADERMAP = NO;
				WARNING_CFLAGS = ("$(inherited)");
			};
			name = RelWithDebInfo;
		};
		A442620717634E11BC6B15F0 /* MinSizeRel */ = {
			isa = XCBuildConfiguration;
			buildSettings = {
				ARCHS = arm64;
				COMBINE_HIDPI_IMAGES = YES;
				GCC_GENERATE_DEBUGGING_SYMBOLS = YES;
				GCC_INLINES_ARE_PRIVATE_EXTERN = NO;
				GCC_OPTIMIZATION_LEVEL = 0;
				GCC_PREPROCESSOR_DEFINITIONS = ("'CMAKE_INTDIR=\"$(CONFIGURATION)$(EFFECTIVE_PLATFORM_NAME)\"'","$(inherited)");
				GCC_SYMBOLS_PRIVATE_EXTERN = NO;
				INSTALL_PATH = "";
				ONLY_ACTIVE_ARCH = NO;
				OTHER_LDFLAGS = ("","$(inherited)");
				OTHER_REZFLAGS = "";
				PRODUCT_NAME = ALL_BUILD;
				SECTORDER_FLAGS = "";
				SYMROOT = /Users/laurazhang/myLocalGithubRepo/Day18/xcode;
				USE_HEADERMAP = NO;
				WARNING_CFLAGS = ("$(inherited)");
			};
			name = MinSizeRel;
		};
		A908490DC0C04FA695A9D083 /* Debug */ = {
			isa = XCBuildConfiguration;
			buildSettings = {
				ARCHS = arm64;
				SDKROOT = /Applications/Xcode.app/Contents/Developer/Platforms/MacOSX.platform/Developer/SDKs/MacOSX12.3.sdk;
				SYMROOT = /Users/laurazhang/myLocalGithubRepo/Day18/xcode/build;
			};
			name = Debug;
		};
		AF195E99F00F4BDEA97C353A /* Debug */ = {
			isa = XCBuildConfiguration;
			buildSettings = {
				ARCHS = arm64;
				COMBINE_HIDPI_IMAGES = YES;
				GCC_GENERATE_DEBUGGING_SYMBOLS = YES;
				GCC_INLINES_ARE_PRIVATE_EXTERN = NO;
				GCC_OPTIMIZATION_LEVEL = 0;
				GCC_PREPROCESSOR_DEFINITIONS = ("'CMAKE_INTDIR=\"$(CONFIGURATION)$(EFFECTIVE_PLATFORM_NAME)\"'","$(inherited)");
				GCC_SYMBOLS_PRIVATE_EXTERN = NO;
				INSTALL_PATH = "";
				ONLY_ACTIVE_ARCH = NO;
				OTHER_LDFLAGS = ("","$(inherited)");
				OTHER_REZFLAGS = "";
				PRODUCT_NAME = ALL_BUILD;
				SECTORDER_FLAGS = "";
				SYMROOT = /Users/laurazhang/myLocalGithubRepo/Day18/xcode;
				USE_HEADERMAP = NO;
				WARNING_CFLAGS = ("$(inherited)");
			};
			name = Debug;
		};
		CCBA709F4A964E2AAD81C1C2 /* MinSizeRel */ = {
			isa = XCBuildConfiguration;
			buildSettings = {
				ARCHS = arm64;
				COMBINE_HIDPI_IMAGES = YES;
				GCC_GENERATE_DEBUGGING_SYMBOLS = YES;
				GCC_INLINES_ARE_PRIVATE_EXTERN = NO;
				GCC_OPTIMIZATION_LEVEL = 0;
				GCC_PREPROCESSOR_DEFINITIONS = ("'CMAKE_INTDIR=\"$(CONFIGURATION)$(EFFECTIVE_PLATFORM_NAME)\"'","$(inherited)");
				GCC_SYMBOLS_PRIVATE_EXTERN = NO;
				INSTALL_PATH = "";
				ONLY_ACTIVE_ARCH = NO;
				OTHER_LDFLAGS = ("","$(inherited)");
				OTHER_REZFLAGS = "";
				PRODUCT_NAME = ZERO_CHECK;
				SECTORDER_FLAGS = "";
				SYMROOT = /Users/laurazhang/myLocalGithubRepo/Day18/xcode;
				USE_HEADERMAP = NO;
				WARNING_CFLAGS = ("$(inherited)");
			};
			name = MinSizeRel;
		};
		DA4CDF86327B4F29B4FA22A2 /* Release */ = {
			isa = XCBuildConfiguration;
			buildSettings = {
				ARCHS = arm64;
				COMBINE_HIDPI_IMAGES = YES;
				GCC_GENERATE_DEBUGGING_SYMBOLS = YES;
				GCC_INLINES_ARE_PRIVATE_EXTERN = NO;
				GCC_OPTIMIZATION_LEVEL = 0;
				GCC_PREPROCESSOR_DEFINITIONS = ("'CMAKE_INTDIR=\"$(CONFIGURATION)$(EFFECTIVE_PLATFORM_NAME)\"'","$(inherited)");
				GCC_SYMBOLS_PRIVATE_EXTERN = NO;
				INSTALL_PATH = "";
				ONLY_ACTIVE_ARCH = NO;
				OTHER_LDFLAGS = ("","$(inherited)");
				OTHER_REZFLAGS = "";
				PRODUCT_NAME = ALL_BUILD;
				SECTORDER_FLAGS = "";
				SYMROOT = /Users/laurazhang/myLocalGithubRepo/Day18/xcode;
				USE_HEADERMAP = NO;
				WARNING_CFLAGS = ("$(inherited)");
			};
			name = Release;
		};
/* End XCBuildConfiguration section */

/* Begin XCConfigurationList section */
		115F2E2D38104DE399DAED84 /* Build configuration list for PBXProject "testSFML" */ = {
			isa = XCConfigurationList;
			buildConfigurations = (
				A908490DC0C04FA695A9D083 /* Debug */,
				76E3DE323E65408789F9099F /* Release */,
				4E83716A86C74021A3F7CC44 /* MinSizeRel */,
				6520438FCFE645A9976423E1 /* RelWithDebInfo */,
			);
			defaultConfigurationIsVisible = 0;
			defaultConfigurationName = Debug;
		};
		66690404037D425EB56686C9 /* Build configuration list for PBXAggregateTarget "ZERO_CHECK" */ = {
			isa = XCConfigurationList;
			buildConfigurations = (
				0A664101AADE45D1867F53E2 /* Debug */,
				1A55B6D1DC12459A9AF1209C /* Release */,
				CCBA709F4A964E2AAD81C1C2 /* MinSizeRel */,
				83DD79BFC7414E96B4F94366 /* RelWithDebInfo */,
			);
			defaultConfigurationIsVisible = 0;
			defaultConfigurationName = Debug;
		};
		BAC8902A965B4B8B8F1B6BA3 /* Build configuration list for PBXAggregateTarget "ALL_BUILD" */ = {
			isa = XCConfigurationList;
			buildConfigurations = (
				AF195E99F00F4BDEA97C353A /* Debug */,
				DA4CDF86327B4F29B4FA22A2 /* Release */,
				A442620717634E11BC6B15F0 /* MinSizeRel */,
				25567F6C4D9641EB8477DAEB /* RelWithDebInfo */,
			);
			defaultConfigurationIsVisible = 0;
			defaultConfigurationName = Debug;
		};
		BD7514E329E54616999D193E /* Build configuration list for PBXNativeTarget "testSFML" */ = {
			isa = XCConfigurationList;
			buildConfigurations = (
				5DB3CC91BC6F44E083720DE8 /* Debug */,
				3F9C9700AC984656B0C7A8C1 /* Release */,
				348E642C09FA4F37A9C108BD /* MinSizeRel */,
				379C59616C6D49EAB7DC5E85 /* RelWithDebInfo */,
			);
			defaultConfigurationIsVisible = 0;
			defaultConfigurationName = Debug;
		};
/* End XCConfigurationList section */
	};
	rootObject = DE79FA16399546C68F380691 /* Project object */;
}
